
Microsoft Visual Studio Solution File, Format Version 12.00
# Visual Studio Version 16
VisualStudioVersion = 16.0.30104.148
MinimumVisualStudioVersion = 10.0.40219.1
Project("{FAE04EC0-301F-11D3-BF4B-00C04F79EFBC}") = "Contacts", "Contacts\Contacts.csproj", "{7A989FF0-CB51-4312-B11C-5F8476E5A113}"
EndProject
Global
	GlobalSection(SolutionConfigurationPlatforms) = preSolution
		Debug|Any CPU = Debug|Any CPU
		Release|Any CPU = Release|Any CPU
	EndGlobalSection
	GlobalSection(ProjectConfigurationPlatforms) = postSolution
		{7A989FF0-CB51-4312-B11C-5F8476E5A113}.Debug|Any CPU.ActiveCfg = Debug|Any CPU
		{7A989FF0-CB51-4312-B11C-5F8476E5A113}.Debug|Any CPU.Build.0 = Debug|Any CPU
		{7A989FF0-CB51-4312-B11C-5F8476E5A113}.Release|Any CPU.ActiveCfg = Release|Any CPU
		{7A989FF0-CB51-4312-B11C-5F8476E5A113}.Release|Any CPU.Build.0 = Release|Any CPU
	EndGlobalSection
	GlobalSection(SolutionProperties) = preSolution
		HideSolutionNode = FALSE
	EndGlobalSection
	GlobalSection(ExtensibilityGlobals) = postSolution
		SolutionGuid = {6BDD0F5B-A066-402D-BABE-A977D94B24AD}
	EndGlobalSection
EndGlobal
